
Microsoft Visual Studio Solution File, Format Version 12.00
# Visual Studio 15
VisualStudioVersion = 15.0.27130.2024
MinimumVisualStudioVersion = 10.0.40219.1
Project("{FAE04EC0-301F-11D3-BF4B-00C04F79EFBC}") = "HW29", "HW29\HW29.csproj", "{76C4D27A-C359-466D-8DBA-DAA723A9C31C}"
EndProject
Project("{FAE04EC0-301F-11D3-BF4B-00C04F79EFBC}") = "assembly", "assembly\assembly.csproj", "{DE275478-A1CD-4235-9413-430DE8F67B50}"
EndProject
Global
	GlobalSection(SolutionConfigurationPlatforms) = preSolution
		Debug|Any CPU = Debug|Any CPU
		Release|Any CPU = Release|Any CPU
	EndGlobalSection
	GlobalSection(ProjectConfigurationPlatforms) = postSolution
		{76C4D27A-C359-466D-8DBA-DAA723A9C31C}.Debug|Any CPU.ActiveCfg = Debug|Any CPU
		{76C4D27A-C359-466D-8DBA-DAA723A9C31C}.Debug|Any CPU.Build.0 = Debug|Any CPU
		{76C4D27A-C359-466D-8DBA-DAA723A9C31C}.Release|Any CPU.ActiveCfg = Release|Any CPU
		{76C4D27A-C359-466D-8DBA-DAA723A9C31C}.Release|Any CPU.Build.0 = Release|Any CPU
		{DE275478-A1CD-4235-9413-430DE8F67B50}.Debug|Any CPU.ActiveCfg = Debug|Any CPU
		{DE275478-A1CD-4235-9413-430DE8F67B50}.Debug|Any CPU.Build.0 = Debug|Any CPU
		{DE275478-A1CD-4235-9413-430DE8F67B50}.Release|Any CPU.ActiveCfg = Release|Any CPU
		{DE275478-A1CD-4235-9413-430DE8F67B50}.Release|Any CPU.Build.0 = Release|Any CPU
	EndGlobalSection
	GlobalSection(SolutionProperties) = preSolution
		HideSolutionNode = FALSE
	EndGlobalSection
	GlobalSection(ExtensibilityGlobals) = postSolution
		SolutionGuid = {E10BFBF4-0F9E-4CC5-B49C-32F397957E9E}
	EndGlobalSection
EndGlobal
