
Microsoft Visual Studio Solution File, Format Version 12.00
# Visual Studio 15
VisualStudioVersion = 15.0.27130.2024
MinimumVisualStudioVersion = 10.0.40219.1
Project("{FAE04EC0-301F-11D3-BF4B-00C04F79EFBC}") = "HW25", "HW25\HW25.csproj", "{BC2CBA63-67F9-449B-BBCF-B14AE8657FC8}"
EndProject
Global
	GlobalSection(SolutionConfigurationPlatforms) = preSolution
		Debug|Any CPU = Debug|Any CPU
		Release|Any CPU = Release|Any CPU
	EndGlobalSection
	GlobalSection(ProjectConfigurationPlatforms) = postSolution
		{BC2CBA63-67F9-449B-BBCF-B14AE8657FC8}.Debug|Any CPU.ActiveCfg = Debug|Any CPU
		{BC2CBA63-67F9-449B-BBCF-B14AE8657FC8}.Debug|Any CPU.Build.0 = Debug|Any CPU
		{BC2CBA63-67F9-449B-BBCF-B14AE8657FC8}.Release|Any CPU.ActiveCfg = Release|Any CPU
		{BC2CBA63-67F9-449B-BBCF-B14AE8657FC8}.Release|Any CPU.Build.0 = Release|Any CPU
	EndGlobalSection
	GlobalSection(SolutionProperties) = preSolution
		HideSolutionNode = FALSE
	EndGlobalSection
	GlobalSection(ExtensibilityGlobals) = postSolution
		SolutionGuid = {D2188B09-93E9-481F-8722-E0CDEA66CD0A}
	EndGlobalSection
EndGlobal
