
Microsoft Visual Studio Solution File, Format Version 12.00
# Visual Studio 15
VisualStudioVersion = 15.0.27130.2024
MinimumVisualStudioVersion = 10.0.40219.1
Project("{FAE04EC0-301F-11D3-BF4B-00C04F79EFBC}") = "Calculator", "Calculator\Calculator.csproj", "{5F865DBF-ED27-4E54-AF3F-EAD0E295D0B9}"
EndProject
Global
	GlobalSection(SolutionConfigurationPlatforms) = preSolution
		Debug|Any CPU = Debug|Any CPU
		Release|Any CPU = Release|Any CPU
	EndGlobalSection
	GlobalSection(ProjectConfigurationPlatforms) = postSolution
		{5F865DBF-ED27-4E54-AF3F-EAD0E295D0B9}.Debug|Any CPU.ActiveCfg = Debug|Any CPU
		{5F865DBF-ED27-4E54-AF3F-EAD0E295D0B9}.Debug|Any CPU.Build.0 = Debug|Any CPU
		{5F865DBF-ED27-4E54-AF3F-EAD0E295D0B9}.Release|Any CPU.ActiveCfg = Release|Any CPU
		{5F865DBF-ED27-4E54-AF3F-EAD0E295D0B9}.Release|Any CPU.Build.0 = Release|Any CPU
	EndGlobalSection
	GlobalSection(SolutionProperties) = preSolution
		HideSolutionNode = FALSE
	EndGlobalSection
	GlobalSection(ExtensibilityGlobals) = postSolution
		SolutionGuid = {E39B464A-6DDE-4EA3-A0A1-13308A6C8696}
	EndGlobalSection
EndGlobal
